<Solution>
    <Folder Name="/ConnectionTools/">
        <Project Path="../ConnectionTools/ConnectTools/ConnectTools.csproj" />
        <Project Path="../ConnectionTools/CToolsFactory/CToolsFactory.csproj" />
        <Project Path="../ConnectionTools/FTPTools/FTPTools.csproj" />
    </Folder>
    <Folder Name="/DatabaseTools/">
        <Project Path="../DatabaseTools/DbTools/DbTools.csproj" />
        <Project Path="../DatabaseTools/DbToolsFactory/DbToolsFactory.csproj" />
        <Project Path="../DatabaseTools/OleDbTools/OleDbTools.csproj" />
        <Project Path="../DatabaseTools/SqLiteDbTools/SqLiteDbTools.csproj" />
        <Project Path="../DatabaseTools/SqlServerDbTools/SqlServerDbTools.csproj" />
    </Folder>
    <Folder Name="/ParametersManagement/">
        <Project Path="../ParametersManagement/LibApiClientParameters/LibApiClientParameters.csproj" />
        <Project Path="../ParametersManagement/LibDatabaseParameters/LibDatabaseParameters.csproj" />
        <Project Path="../ParametersManagement/LibFileParameters/LibFileParameters.csproj" />
        <Project Path="../ParametersManagement/LibParameters/LibParameters.csproj" />
    </Folder>
    <Folder Name="/Solution Items/">
        <File Path=".editorconfig" />
        <File Path="Directory.Build.props" />
        <File Path="Directory.Packages.props" />
    </Folder>
    <Folder Name="/SystemTools/">
        <Project Path="../SystemTools/SystemToolsShared/SystemToolsShared.csproj" />
    </Folder>
    <Folder Name="/Tests/">
    </Folder>
    <Folder Name="/ToolsManagement/">
        <Project Path="../ToolsManagement/ApiClientsManagement/ApiClientsManagement.csproj" />
        <Project Path="../ToolsManagement/CompressionManagement/CompressionManagement.csproj" />
        <Project Path="../ToolsManagement/DatabasesManagement/DatabasesManagement.csproj" />
        <Project Path="../ToolsManagement/FileManagersMain/FileManagersMain.csproj" />
        <Project Path="../ToolsManagement/LibToolActions/LibToolActions.csproj" />
    </Folder>
    <Project Path="ApAgentData/ApAgentData.csproj" Id="3360edfe-cf30-429a-b368-4ff52e24cd1e" />
    <Project Path="LibApAgentData/LibApAgentData.csproj" />
</Solution>
