<Solution>
    <Folder Name="/ParametersManagement/">
        <Project Path="../ParametersManagement/LibFileParameters/LibFileParameters.csproj" />
    </Folder>
    <Folder Name="/Solution Items/">
        <File Path=".editorconfig" />
        <File Path="Directory.Build.props" />
        <File Path="Directory.Packages.props" />
    </Folder>
    <Folder Name="/Tests/">
    </Folder>
    <Folder Name="/ToolsManagement/">
        <Project Path="../ToolsManagement/CompressionManagement/CompressionManagement.csproj" />
    </Folder>
    <Project Path="ApAgentData/ApAgentData.csproj" Id="3360edfe-cf30-429a-b368-4ff52e24cd1e" />
    <Project Path="LibApAgentData/LibApAgentData.csproj" />
</Solution>
